{
  "requires": true,
  "lockfileVersion": 1,
  "dependencies": {
    "@mdi/font": {
      "version": "2.7.94",
      "resolved": "https://registry.npmjs.org/@mdi/font/-/font-2.7.94.tgz",
      "integrity": "sha512-+dJLddcFbvKEBUj/d5oeDbQQKYNm8YlpbDm6TrsoVJ3+hEYcJsKyefVF/8PBSKJyvqkKuuWOcl/TnN7sFXxRIw=="
    }
  }
}
